
Microsoft Visual Studio Solution File, Format Version 12.00
# Visual Studio Version 17
VisualStudioVersion = 17.5.002.0
MinimumVisualStudioVersion = 10.0.40219.1
Project("{9A19103F-16F7-4668-BE54-9A1E7A4F7556}") = "DesafioPOO", "DesafioPOO.csproj", "{772D8FC8-E7E3-47D5-B0C4-6D7C8621358D}"
EndProject
Global
	GlobalSection(SolutionConfigurationPlatforms) = preSolution
		Debug|Any CPU = Debug|Any CPU
		Release|Any CPU = Release|Any CPU
	EndGlobalSection
	GlobalSection(ProjectConfigurationPlatforms) = postSolution
		{772D8FC8-E7E3-47D5-B0C4-6D7C8621358D}.Debug|Any CPU.ActiveCfg = Debug|Any CPU
		{772D8FC8-E7E3-47D5-B0C4-6D7C8621358D}.Debug|Any CPU.Build.0 = Debug|Any CPU
		{772D8FC8-E7E3-47D5-B0C4-6D7C8621358D}.Release|Any CPU.ActiveCfg = Release|Any CPU
		{772D8FC8-E7E3-47D5-B0C4-6D7C8621358D}.Release|Any CPU.Build.0 = Release|Any CPU
	EndGlobalSection
	GlobalSection(SolutionProperties) = preSolution
		HideSolutionNode = FALSE
	EndGlobalSection
	GlobalSection(ExtensibilityGlobals) = postSolution
		SolutionGuid = {0EA2D00B-25E7-4D79-95CC-BA35D816405D}
	EndGlobalSection
EndGlobal
